
Microsoft Visual Studio Solution File, Format Version 12.00
# Visual Studio Version 17
VisualStudioVersion = 17.8.34511.84
MinimumVisualStudioVersion = 10.0.40219.1
Project("{FAE04EC0-301F-11D3-BF4B-00C04F79EFBC}") = "SealedClass", "SealedClass.csproj", "{FEDD59BE-C36A-433E-B829-3A1FAFF3F37F}"
EndProject
Global
	GlobalSection(SolutionConfigurationPlatforms) = preSolution
		Debug|Any CPU = Debug|Any CPU
		Release|Any CPU = Release|Any CPU
	EndGlobalSection
	GlobalSection(ProjectConfigurationPlatforms) = postSolution
		{FEDD59BE-C36A-433E-B829-3A1FAFF3F37F}.Debug|Any CPU.ActiveCfg = Debug|Any CPU
		{FEDD59BE-C36A-433E-B829-3A1FAFF3F37F}.Debug|Any CPU.Build.0 = Debug|Any CPU
		{FEDD59BE-C36A-433E-B829-3A1FAFF3F37F}.Release|Any CPU.ActiveCfg = Release|Any CPU
		{FEDD59BE-C36A-433E-B829-3A1FAFF3F37F}.Release|Any CPU.Build.0 = Release|Any CPU
	EndGlobalSection
	GlobalSection(SolutionProperties) = preSolution
		HideSolutionNode = FALSE
	EndGlobalSection
	GlobalSection(ExtensibilityGlobals) = postSolution
		SolutionGuid = {204535FA-4326-4DAF-BD2D-F4101F8019B3}
	EndGlobalSection
EndGlobal
